
Microsoft Visual Studio Solution File, Format Version 12.00
Project("{FAE04EC0-301F-11D3-BF4B-00C04F79EFBC}") = "SolutionGenerator.Tests.ExampleBuildTask", "SolutionGenerator.Tests.ExampleBuildTask.csproj", "{A2710551-6358-4CEE-8573-4E85E90C8A94}"
EndProject
Global
	GlobalSection(SolutionConfigurationPlatforms) = preSolution
		Debug|Any CPU = Debug|Any CPU
		Release|Any CPU = Release|Any CPU
	EndGlobalSection
	GlobalSection(ProjectConfigurationPlatforms) = postSolution
		{A2710551-6358-4CEE-8573-4E85E90C8A94}.Debug|Any CPU.ActiveCfg = Debug|Any CPU
		{A2710551-6358-4CEE-8573-4E85E90C8A94}.Debug|Any CPU.Build.0 = Debug|Any CPU
		{A2710551-6358-4CEE-8573-4E85E90C8A94}.Release|Any CPU.ActiveCfg = Release|Any CPU
		{A2710551-6358-4CEE-8573-4E85E90C8A94}.Release|Any CPU.Build.0 = Release|Any CPU
	EndGlobalSection
EndGlobal
