
Microsoft Visual Studio Solution File, Format Version 12.00
Project("{FAE04EC0-301F-11D3-BF4B-00C04F79EFBC}") = "SolutionGeneratorLib", "SolutionGeneratorLib\SolutionGeneratorLib.csproj", "{DBD54460-C139-40D1-B2A7-F4D821B186C6}"
EndProject
Project("{FAE04EC0-301F-11D3-BF4B-00C04F79EFBC}") = "SolutionGeneratorTests", "SolutionGeneratorTests\SolutionGeneratorTests.csproj", "{83636F31-7D3D-42C5-8E06-D84E25F38CD8}"
EndProject
Global
	GlobalSection(SolutionConfigurationPlatforms) = preSolution
		Debug|Any CPU = Debug|Any CPU
		Release|Any CPU = Release|Any CPU
	EndGlobalSection
	GlobalSection(ProjectConfigurationPlatforms) = postSolution
		{DBD54460-C139-40D1-B2A7-F4D821B186C6}.Debug|Any CPU.ActiveCfg = Debug|Any CPU
		{DBD54460-C139-40D1-B2A7-F4D821B186C6}.Debug|Any CPU.Build.0 = Debug|Any CPU
		{DBD54460-C139-40D1-B2A7-F4D821B186C6}.Release|Any CPU.ActiveCfg = Release|Any CPU
		{DBD54460-C139-40D1-B2A7-F4D821B186C6}.Release|Any CPU.Build.0 = Release|Any CPU
		{83636F31-7D3D-42C5-8E06-D84E25F38CD8}.Debug|Any CPU.ActiveCfg = Debug|Any CPU
		{83636F31-7D3D-42C5-8E06-D84E25F38CD8}.Debug|Any CPU.Build.0 = Debug|Any CPU
		{83636F31-7D3D-42C5-8E06-D84E25F38CD8}.Release|Any CPU.ActiveCfg = Release|Any CPU
		{83636F31-7D3D-42C5-8E06-D84E25F38CD8}.Release|Any CPU.Build.0 = Release|Any CPU
	EndGlobalSection
EndGlobal
