
Microsoft Visual Studio Solution File, Format Version 12.00
Project("{FAE04EC0-301F-11D3-BF4B-00C04F79EFBC}") = "SolutionGenerator", "SolutionGenerator\SolutionGenerator.csproj", "{C91F9E74-800D-4498-91BF-5C83E43403FE}"
EndProject
Project("{FAE04EC0-301F-11D3-BF4B-00C04F79EFBC}") = "SolutionGenerator.Tests", "SolutionGenerator.Tests\SolutionGenerator.Tests.csproj", "{60890799-BCD0-46C0-99B4-94047B0EC4ED}"
EndProject
Project("{FAE04EC0-301F-11D3-BF4B-00C04F79EFBC}") = "SolutionGenerator.Console", "SolutionGenerator.Console\SolutionGenerator.Console.csproj", "{7BBF835A-45C2-43D5-908B-68CFB52AC98E}"
EndProject
Global
	GlobalSection(SolutionConfigurationPlatforms) = preSolution
		Debug|Any CPU = Debug|Any CPU
		Release|Any CPU = Release|Any CPU
	EndGlobalSection
	GlobalSection(ProjectConfigurationPlatforms) = postSolution
		{C91F9E74-800D-4498-91BF-5C83E43403FE}.Debug|Any CPU.ActiveCfg = Debug|Any CPU
		{C91F9E74-800D-4498-91BF-5C83E43403FE}.Debug|Any CPU.Build.0 = Debug|Any CPU
		{C91F9E74-800D-4498-91BF-5C83E43403FE}.Release|Any CPU.ActiveCfg = Release|Any CPU
		{C91F9E74-800D-4498-91BF-5C83E43403FE}.Release|Any CPU.Build.0 = Release|Any CPU
		{60890799-BCD0-46C0-99B4-94047B0EC4ED}.Debug|Any CPU.ActiveCfg = Debug|Any CPU
		{60890799-BCD0-46C0-99B4-94047B0EC4ED}.Debug|Any CPU.Build.0 = Debug|Any CPU
		{60890799-BCD0-46C0-99B4-94047B0EC4ED}.Release|Any CPU.ActiveCfg = Release|Any CPU
		{60890799-BCD0-46C0-99B4-94047B0EC4ED}.Release|Any CPU.Build.0 = Release|Any CPU
		{7BBF835A-45C2-43D5-908B-68CFB52AC98E}.Debug|Any CPU.ActiveCfg = Debug|Any CPU
		{7BBF835A-45C2-43D5-908B-68CFB52AC98E}.Debug|Any CPU.Build.0 = Debug|Any CPU
		{7BBF835A-45C2-43D5-908B-68CFB52AC98E}.Release|Any CPU.ActiveCfg = Release|Any CPU
		{7BBF835A-45C2-43D5-908B-68CFB52AC98E}.Release|Any CPU.Build.0 = Release|Any CPU
	EndGlobalSection
EndGlobal
